
Microsoft Visual Studio Solution File, Format Version 12.00
# Visual Studio Version 16
VisualStudioVersion = 16.0.30320.27
MinimumVisualStudioVersion = 10.0.40219.1
Project("{FAE04EC0-301F-11D3-BF4B-00C04F79EFBC}") = "ConsoleApp2", "ConsoleApp2\ConsoleApp2.csproj", "{7328C620-B959-465C-8D8D-9D9097B69372}"
EndProject
Global
	GlobalSection(SolutionConfigurationPlatforms) = preSolution
		Debug|Any CPU = Debug|Any CPU
		Release|Any CPU = Release|Any CPU
	EndGlobalSection
	GlobalSection(ProjectConfigurationPlatforms) = postSolution
		{7328C620-B959-465C-8D8D-9D9097B69372}.Debug|Any CPU.ActiveCfg = Debug|Any CPU
		{7328C620-B959-465C-8D8D-9D9097B69372}.Debug|Any CPU.Build.0 = Debug|Any CPU
		{7328C620-B959-465C-8D8D-9D9097B69372}.Release|Any CPU.ActiveCfg = Release|Any CPU
		{7328C620-B959-465C-8D8D-9D9097B69372}.Release|Any CPU.Build.0 = Release|Any CPU
	EndGlobalSection
	GlobalSection(SolutionProperties) = preSolution
		HideSolutionNode = FALSE
	EndGlobalSection
	GlobalSection(ExtensibilityGlobals) = postSolution
		SolutionGuid = {1505E192-BCBF-4538-BC7C-A011619589D5}
	EndGlobalSection
EndGlobal
